
Microsoft Visual Studio Solution File, Format Version 12.00
# Visual Studio Version 16
VisualStudioVersion = 16.0.31702.278
MinimumVisualStudioVersion = 10.0.40219.1
Project("{FAE04EC0-301F-11D3-BF4B-00C04F79EFBC}") = "BasicMvcApp", "BasicMvcApp\BasicMvcApp.csproj", "{B1C27FAA-34F0-4083-8B66-1AABDC4EE4D5}"
EndProject
Global
	GlobalSection(SolutionConfigurationPlatforms) = preSolution
		Debug|Any CPU = Debug|Any CPU
		Release|Any CPU = Release|Any CPU
	EndGlobalSection
	GlobalSection(ProjectConfigurationPlatforms) = postSolution
		{B1C27FAA-34F0-4083-8B66-1AABDC4EE4D5}.Debug|Any CPU.ActiveCfg = Debug|Any CPU
		{B1C27FAA-34F0-4083-8B66-1AABDC4EE4D5}.Debug|Any CPU.Build.0 = Debug|Any CPU
		{B1C27FAA-34F0-4083-8B66-1AABDC4EE4D5}.Release|Any CPU.ActiveCfg = Release|Any CPU
		{B1C27FAA-34F0-4083-8B66-1AABDC4EE4D5}.Release|Any CPU.Build.0 = Release|Any CPU
	EndGlobalSection
	GlobalSection(SolutionProperties) = preSolution
		HideSolutionNode = FALSE
	EndGlobalSection
	GlobalSection(ExtensibilityGlobals) = postSolution
		SolutionGuid = {7450B7DC-DBC8-4F39-BDDF-CDA34EC7B01E}
	EndGlobalSection
EndGlobal
